
Microsoft Visual Studio Solution File, Format Version 12.00
# Visual Studio Version 16
VisualStudioVersion = 16.0.31205.134
MinimumVisualStudioVersion = 10.0.40219.1
Project("{FAE04EC0-301F-11D3-BF4B-00C04F79EFBC}") = "GenericsDemo", "GenericsDemo.csproj", "{F84936FC-F43F-4E75-B0E0-CA57F7A0E8D1}"
EndProject
Project("{FAE04EC0-301F-11D3-BF4B-00C04F79EFBC}") = "FindMaximumNumberProject", "..\FindMaximumNumberProject\FindMaximumNumberProject.csproj", "{B0261534-AC22-4B09-8CA8-7C8BB83CE326}"
EndProject
Global
	GlobalSection(SolutionConfigurationPlatforms) = preSolution
		Debug|Any CPU = Debug|Any CPU
		Release|Any CPU = Release|Any CPU
	EndGlobalSection
	GlobalSection(ProjectConfigurationPlatforms) = postSolution
		{F84936FC-F43F-4E75-B0E0-CA57F7A0E8D1}.Debug|Any CPU.ActiveCfg = Debug|Any CPU
		{F84936FC-F43F-4E75-B0E0-CA57F7A0E8D1}.Debug|Any CPU.Build.0 = Debug|Any CPU
		{F84936FC-F43F-4E75-B0E0-CA57F7A0E8D1}.Release|Any CPU.ActiveCfg = Release|Any CPU
		{F84936FC-F43F-4E75-B0E0-CA57F7A0E8D1}.Release|Any CPU.Build.0 = Release|Any CPU
		{B0261534-AC22-4B09-8CA8-7C8BB83CE326}.Debug|Any CPU.ActiveCfg = Debug|Any CPU
		{B0261534-AC22-4B09-8CA8-7C8BB83CE326}.Debug|Any CPU.Build.0 = Debug|Any CPU
		{B0261534-AC22-4B09-8CA8-7C8BB83CE326}.Release|Any CPU.ActiveCfg = Release|Any CPU
		{B0261534-AC22-4B09-8CA8-7C8BB83CE326}.Release|Any CPU.Build.0 = Release|Any CPU
	EndGlobalSection
	GlobalSection(SolutionProperties) = preSolution
		HideSolutionNode = FALSE
	EndGlobalSection
	GlobalSection(ExtensibilityGlobals) = postSolution
		SolutionGuid = {695B9F39-6F56-460F-A752-A0665002C834}
	EndGlobalSection
EndGlobal
